// !$*UTF8*$!
{
	archiveVersion = 1;
	classes = {
	};
	objectVersion = 46;
	objects = {

/* Begin PBXBuildFile section */
		AC917C6B1F7680DB00757B8D /* AppDelegate.swift in Sources */ = {isa = PBXBuildFile; fileRef = AC917C6A1F7680DB00757B8D /* AppDelegate.swift */; };
		AC917C6D1F7680DB00757B8D /* ViewController.swift in Sources */ = {isa = PBXBuildFile; fileRef = AC917C6C1F7680DB00757B8D /* ViewController.swift */; };
		AC917C701F7680DB00757B8D /* Main.storyboard in Resources */ = {isa = PBXBuildFile; fileRef = AC917C6E1F7680DB00757B8D /* Main.storyboard */; };
		AC917C721F7680DB00757B8D /* Assets.xcassets in Resources */ = {isa = PBXBuildFile; fileRef = AC917C711F7680DB00757B8D /* Assets.xcassets */; };
		AC917C751F7680DB00757B8D /* LaunchScreen.storyboard in Resources */ = {isa = PBXBuildFile; fileRef = AC917C731F7680DB00757B8D /* LaunchScreen.storyboard */; };
		ACCA8ECD20257C580056FA26 /* EpisodeTest.swift in Sources */ = {isa = PBXBuildFile; fileRef = ACCA8ECC20257C580056FA26 /* EpisodeTest.swift */; };
		ACCA8ED1202596540056FA26 /* FinishAlertView_delegate.swift in Sources */ = {isa = PBXBuildFile; fileRef = ACCA8ED0202596540056FA26 /* FinishAlertView_delegate.swift */; };
		ACCA8ED3202598860056FA26 /* EpisodeController_delegate.swift in Sources */ = {isa = PBXBuildFile; fileRef = ACCA8ED2202598860056FA26 /* EpisodeController_delegate.swift */; };
		ACCA8ED52025AAB30056FA26 /* FinishAlertView_callback_struct.swift in Sources */ = {isa = PBXBuildFile; fileRef = ACCA8ED42025AAB30056FA26 /* FinishAlertView_callback_struct.swift */; };
		ACCA8ED92025B0FA0056FA26 /* FinishAlertView_callback_class.swift in Sources */ = {isa = PBXBuildFile; fileRef = ACCA8ED82025B0FA0056FA26 /* FinishAlertView_callback_class.swift */; };
		ACCA8EDB2025B71A0056FA26 /* FunctionParameter_inout.swift in Sources */ = {isa = PBXBuildFile; fileRef = ACCA8EDA2025B71A0056FA26 /* FunctionParameter_inout.swift */; };
		ACCA8EDD2025D3110056FA26 /* ForAutoClosure.swift in Sources */ = {isa = PBXBuildFile; fileRef = ACCA8EDC2025D3110056FA26 /* ForAutoClosure.swift */; };
		ACCA8EDF2025DE970056FA26 /* ClosureCaptureList.swift in Sources */ = {isa = PBXBuildFile; fileRef = ACCA8EDE2025DE970056FA26 /* ClosureCaptureList.swift */; };
/* End PBXBuildFile section */

/* Begin PBXFileReference section */
		AC917C671F7680DA00757B8D /* Func&closure.app */ = {isa = PBXFileReference; explicitFileType = wrapper.application; includeInIndex = 0; path = "Func&closure.app"; sourceTree = BUILT_PRODUCTS_DIR; };
		AC917C6A1F7680DB00757B8D /* AppDelegate.swift */ = {isa = PBXFileReference; lastKnownFileType = sourcecode.swift; path = AppDelegate.swift; sourceTree = "<group>"; };
		AC917C6C1F7680DB00757B8D /* ViewController.swift */ = {isa = PBXFileReference; lastKnownFileType = sourcecode.swift; path = ViewController.swift; sourceTree = "<group>"; };
		AC917C6F1F7680DB00757B8D /* Base */ = {isa = PBXFileReference; lastKnownFileType = file.storyboard; name = Base; path = Base.lproj/Main.storyboard; sourceTree = "<group>"; };
		AC917C711F7680DB00757B8D /* Assets.xcassets */ = {isa = PBXFileReference; lastKnownFileType = folder.assetcatalog; path = Assets.xcassets; sourceTree = "<group>"; };
		AC917C741F7680DB00757B8D /* Base */ = {isa = PBXFileReference; lastKnownFileType = file.storyboard; name = Base; path = Base.lproj/LaunchScreen.storyboard; sourceTree = "<group>"; };
		AC917C761F7680DB00757B8D /* Info.plist */ = {isa = PBXFileReference; lastKnownFileType = text.plist.xml; path = Info.plist; sourceTree = "<group>"; };
		ACCA8ECC20257C580056FA26 /* EpisodeTest.swift */ = {isa = PBXFileReference; lastKnownFileType = sourcecode.swift; path = EpisodeTest.swift; sourceTree = "<group>"; };
		ACCA8ED0202596540056FA26 /* FinishAlertView_delegate.swift */ = {isa = PBXFileReference; lastKnownFileType = sourcecode.swift; path = FinishAlertView_delegate.swift; sourceTree = "<group>"; };
		ACCA8ED2202598860056FA26 /* EpisodeController_delegate.swift */ = {isa = PBXFileReference; lastKnownFileType = sourcecode.swift; path = EpisodeController_delegate.swift; sourceTree = "<group>"; };
		ACCA8ED42025AAB30056FA26 /* FinishAlertView_callback_struct.swift */ = {isa = PBXFileReference; lastKnownFileType = sourcecode.swift; path = FinishAlertView_callback_struct.swift; sourceTree = "<group>"; };
		ACCA8ED82025B0FA0056FA26 /* FinishAlertView_callback_class.swift */ = {isa = PBXFileReference; lastKnownFileType = sourcecode.swift; path = FinishAlertView_callback_class.swift; sourceTree = "<group>"; };
		ACCA8EDA2025B71A0056FA26 /* FunctionParameter_inout.swift */ = {isa = PBXFileReference; lastKnownFileType = sourcecode.swift; path = FunctionParameter_inout.swift; sourceTree = "<group>"; };
		ACCA8EDC2025D3110056FA26 /* ForAutoClosure.swift */ = {isa = PBXFileReference; lastKnownFileType = sourcecode.swift; path = ForAutoClosure.swift; sourceTree = "<group>"; };
		ACCA8EDE2025DE970056FA26 /* ClosureCaptureList.swift */ = {isa = PBXFileReference; lastKnownFileType = sourcecode.swift; path = ClosureCaptureList.swift; sourceTree = "<group>"; };
/* End PBXFileReference section */

/* Begin PBXFrameworksBuildPhase section */
		AC917C641F7680DA00757B8D /* Frameworks */ = {
			isa = PBXFrameworksBuildPhase;
			buildActionMask = 2147483647;
			files = (
			);
			runOnlyForDeploymentPostprocessing = 0;
		};
/* End PBXFrameworksBuildPhase section */

/* Begin PBXGroup section */
		AC917C5E1F7680DA00757B8D = {
			isa = PBXGroup;
			children = (
				AC917C691F7680DA00757B8D /* Func&closure */,
				AC917C681F7680DA00757B8D /* Products */,
			);
			sourceTree = "<group>";
		};
		AC917C681F7680DA00757B8D /* Products */ = {
			isa = PBXGroup;
			children = (
				AC917C671F7680DA00757B8D /* Func&closure.app */,
			);
			name = Products;
			sourceTree = "<group>";
		};
		AC917C691F7680DA00757B8D /* Func&closure */ = {
			isa = PBXGroup;
			children = (
				AC917C6A1F7680DB00757B8D /* AppDelegate.swift */,
				AC917C6C1F7680DB00757B8D /* ViewController.swift */,
				ACCA8EDC2025D3110056FA26 /* ForAutoClosure.swift */,
				ACCA8EDE2025DE970056FA26 /* ClosureCaptureList.swift */,
				ACCA8EDA2025B71A0056FA26 /* FunctionParameter_inout.swift */,
				ACCA8ED82025B0FA0056FA26 /* FinishAlertView_callback_class.swift */,
				ACCA8ED42025AAB30056FA26 /* FinishAlertView_callback_struct.swift */,
				ACCA8ED0202596540056FA26 /* FinishAlertView_delegate.swift */,
				ACCA8ED2202598860056FA26 /* EpisodeController_delegate.swift */,
				ACCA8ECC20257C580056FA26 /* EpisodeTest.swift */,
				AC917C6E1F7680DB00757B8D /* Main.storyboard */,
				AC917C711F7680DB00757B8D /* Assets.xcassets */,
				AC917C731F7680DB00757B8D /* LaunchScreen.storyboard */,
				AC917C761F7680DB00757B8D /* Info.plist */,
			);
			path = "Func&closure";
			sourceTree = "<group>";
		};
/* End PBXGroup section */

/* Begin PBXNativeTarget section */
		AC917C661F7680DA00757B8D /* Func&closure */ = {
			isa = PBXNativeTarget;
			buildConfigurationList = AC917C791F7680DB00757B8D /* Build configuration list for PBXNativeTarget "Func&closure" */;
			buildPhases = (
				AC917C631F7680DA00757B8D /* Sources */,
				AC917C641F7680DA00757B8D /* Frameworks */,
				AC917C651F7680DA00757B8D /* Resources */,
			);
			buildRules = (
			);
			dependencies = (
			);
			name = "Func&closure";
			productName = "Func&closure";
			productReference = AC917C671F7680DA00757B8D /* Func&closure.app */;
			productType = "com.apple.product-type.application";
		};
/* End PBXNativeTarget section */

/* Begin PBXProject section */
		AC917C5F1F7680DA00757B8D /* Project object */ = {
			isa = PBXProject;
			attributes = {
				LastSwiftUpdateCheck = 0830;
				LastUpgradeCheck = 0830;
				ORGANIZATIONNAME = luoxiaofeng;
				TargetAttributes = {
					AC917C661F7680DA00757B8D = {
						CreatedOnToolsVersion = 8.3.3;
						ProvisioningStyle = Automatic;
					};
				};
			};
			buildConfigurationList = AC917C621F7680DA00757B8D /* Build configuration list for PBXProject "Func&closure" */;
			compatibilityVersion = "Xcode 3.2";
			developmentRegion = English;
			hasScannedForEncodings = 0;
			knownRegions = (
				en,
				Base,
			);
			mainGroup = AC917C5E1F7680DA00757B8D;
			productRefGroup = AC917C681F7680DA00757B8D /* Products */;
			projectDirPath = "";
			projectRoot = "";
			targets = (
				AC917C661F7680DA00757B8D /* Func&closure */,
			);
		};
/* End PBXProject section */

/* Begin PBXResourcesBuildPhase section */
		AC917C651F7680DA00757B8D /* Resources */ = {
			isa = PBXResourcesBuildPhase;
			buildActionMask = 2147483647;
			files = (
				AC917C751F7680DB00757B8D /* LaunchScreen.storyboard in Resources */,
				AC917C721F7680DB00757B8D /* Assets.xcassets in Resources */,
				AC917C701F7680DB00757B8D /* Main.storyboard in Resources */,
			);
			runOnlyForDeploymentPostprocessing = 0;
		};
/* End PBXResourcesBuildPhase section */

/* Begin PBXSourcesBuildPhase section */
		AC917C631F7680DA00757B8D /* Sources */ = {
			isa = PBXSourcesBuildPhase;
			buildActionMask = 2147483647;
			files = (
				ACCA8ED1202596540056FA26 /* FinishAlertView_delegate.swift in Sources */,
				AC917C6D1F7680DB00757B8D /* ViewController.swift in Sources */,
				ACCA8ECD20257C580056FA26 /* EpisodeTest.swift in Sources */,
				AC917C6B1F7680DB00757B8D /* AppDelegate.swift in Sources */,
				ACCA8EDF2025DE970056FA26 /* ClosureCaptureList.swift in Sources */,
				ACCA8ED92025B0FA0056FA26 /* FinishAlertView_callback_class.swift in Sources */,
				ACCA8EDB2025B71A0056FA26 /* FunctionParameter_inout.swift in Sources */,
				ACCA8ED3202598860056FA26 /* EpisodeController_delegate.swift in Sources */,
				ACCA8EDD2025D3110056FA26 /* ForAutoClosure.swift in Sources */,
				ACCA8ED52025AAB30056FA26 /* FinishAlertView_callback_struct.swift in Sources */,
			);
			runOnlyForDeploymentPostprocessing = 0;
		};
/* End PBXSourcesBuildPhase section */

/* Begin PBXVariantGroup section */
		AC917C6E1F7680DB00757B8D /* Main.storyboard */ = {
			isa = PBXVariantGroup;
			children = (
				AC917C6F1F7680DB00757B8D /* Base */,
			);
			name = Main.storyboard;
			sourceTree = "<group>";
		};
		AC917C731F7680DB00757B8D /* LaunchScreen.storyboard */ = {
			isa = PBXVariantGroup;
			children = (
				AC917C741F7680DB00757B8D /* Base */,
			);
			name = LaunchScreen.storyboard;
			sourceTree = "<group>";
		};
/* End PBXVariantGroup section */

/* Begin XCBuildConfiguration section */
		AC917C771F7680DB00757B8D /* Debug */ = {
			isa = XCBuildConfiguration;
			buildSettings = {
				ALWAYS_SEARCH_USER_PATHS = NO;
				CLANG_ANALYZER_NONNULL = YES;
				CLANG_ANALYZER_NUMBER_OBJECT_CONVERSION = YES_AGGRESSIVE;
				CLANG_CXX_LANGUAGE_STANDARD = "gnu++0x";
				CLANG_CXX_LIBRARY = "libc++";
				CLANG_ENABLE_MODULES = YES;
				CLANG_ENABLE_OBJC_ARC = YES;
				CLANG_WARN_BOOL_CONVERSION = YES;
				CLANG_WARN_CONSTANT_CONVERSION = YES;
				CLANG_WARN_DIRECT_OBJC_ISA_USAGE = YES_ERROR;
				CLANG_WARN_DOCUMENTATION_COMMENTS = YES;
				CLANG_WARN_EMPTY_BODY = YES;
				CLANG_WARN_ENUM_CONVERSION = YES;
				CLANG_WARN_INFINITE_RECURSION = YES;
				CLANG_WARN_INT_CONVERSION = YES;
				CLANG_WARN_OBJC_ROOT_CLASS = YES_ERROR;
				CLANG_WARN_SUSPICIOUS_MOVE = YES;
				CLANG_WARN_UNREACHABLE_CODE = YES;
				CLANG_WARN__DUPLICATE_METHOD_MATCH = YES;
				"CODE_SIGN_IDENTITY[sdk=iphoneos*]" = "iPhone Developer";
				COPY_PHASE_STRIP = NO;
				DEBUG_INFORMATION_FORMAT = dwarf;
				ENABLE_STRICT_OBJC_MSGSEND = YES;
				ENABLE_TESTABILITY = YES;
				GCC_C_LANGUAGE_STANDARD = gnu99;
				GCC_DYNAMIC_NO_PIC = NO;
				GCC_NO_COMMON_BLOCKS = YES;
				GCC_OPTIMIZATION_LEVEL = 0;
				GCC_PREPROCESSOR_DEFINITIONS = (
					"DEBUG=1",
					"$(inherited)",
				);
				GCC_WARN_64_TO_32_BIT_CONVERSION = YES;
				GCC_WARN_ABOUT_RETURN_TYPE = YES_ERROR;
				GCC_WARN_UNDECLARED_SELECTOR = YES;
				GCC_WARN_UNINITIALIZED_AUTOS = YES_AGGRESSIVE;
				GCC_WARN_UNUSED_FUNCTION = YES;
				GCC_WARN_UNUSED_VARIABLE = YES;
				IPHONEOS_DEPLOYMENT_TARGET = 10.3;
				MTL_ENABLE_DEBUG_INFO = YES;
				ONLY_ACTIVE_ARCH = YES;
				SDKROOT = iphoneos;
				SWIFT_ACTIVE_COMPILATION_CONDITIONS = DEBUG;
				SWIFT_OPTIMIZATION_LEVEL = "-Onone";
			};
			name = Debug;
		};
		AC917C781F7680DB00757B8D /* Release */ = {
			isa = XCBuildConfiguration;
			buildSettings = {
				ALWAYS_SEARCH_USER_PATHS = NO;
				CLANG_ANALYZER_NONNULL = YES;
				CLANG_ANALYZER_NUMBER_OBJECT_CONVERSION = YES_AGGRESSIVE;
				CLANG_CXX_LANGUAGE_STANDARD = "gnu++0x";
				CLANG_CXX_LIBRARY = "libc++";
				CLANG_ENABLE_MODULES = YES;
				CLANG_ENABLE_OBJC_ARC = YES;
				CLANG_WARN_BOOL_CONVERSION = YES;
				CLANG_WARN_CONSTANT_CONVERSION = YES;
				CLANG_WARN_DIRECT_OBJC_ISA_USAGE = YES_ERROR;
				CLANG_WARN_DOCUMENTATION_COMMENTS = YES;
				CLANG_WARN_EMPTY_BODY = YES;
				CLANG_WARN_ENUM_CONVERSION = YES;
				CLANG_WARN_INFINITE_RECURSION = YES;
				CLANG_WARN_INT_CONVERSION = YES;
				CLANG_WARN_OBJC_ROOT_CLASS = YES_ERROR;
				CLANG_WARN_SUSPICIOUS_MOVE = YES;
				CLANG_WARN_UNREACHABLE_CODE = YES;
				CLANG_WARN__DUPLICATE_METHOD_MATCH = YES;
				"CODE_SIGN_IDENTITY[sdk=iphoneos*]" = "iPhone Developer";
				COPY_PHASE_STRIP = NO;
				DEBUG_INFORMATION_FORMAT = "dwarf-with-dsym";
				ENABLE_NS_ASSERTIONS = NO;
				ENABLE_STRICT_OBJC_MSGSEND = YES;
				GCC_C_LANGUAGE_STANDARD = gnu99;
				GCC_NO_COMMON_BLOCKS = YES;
				GCC_WARN_64_TO_32_BIT_CONVERSION = YES;
				GCC_WARN_ABOUT_RETURN_TYPE = YES_ERROR;
				GCC_WARN_UNDECLARED_SELECTOR = YES;
				GCC_WARN_UNINITIALIZED_AUTOS = YES_AGGRESSIVE;
				GCC_WARN_UNUSED_FUNCTION = YES;
				GCC_WARN_UNUSED_VARIABLE = YES;
				IPHONEOS_DEPLOYMENT_TARGET = 10.3;
				MTL_ENABLE_DEBUG_INFO = NO;
				SDKROOT = iphoneos;
				SWIFT_OPTIMIZATION_LEVEL = "-Owholemodule";
				VALIDATE_PRODUCT = YES;
			};
			name = Release;
		};
		AC917C7A1F7680DB00757B8D /* Debug */ = {
			isa = XCBuildConfiguration;
			buildSettings = {
				ASSETCATALOG_COMPILER_APPICON_NAME = AppIcon;
				DEVELOPMENT_TEAM = "";
				INFOPLIST_FILE = "Func&closure/Info.plist";
				LD_RUNPATH_SEARCH_PATHS = "$(inherited) @executable_path/Frameworks";
				PRODUCT_BUNDLE_IDENTIFIER = "com.difo.Func-closure";
				PRODUCT_NAME = "$(TARGET_NAME)";
				SWIFT_VERSION = 3.0;
			};
			name = Debug;
		};
		AC917C7B1F7680DB00757B8D /* Release */ = {
			isa = XCBuildConfiguration;
			buildSettings = {
				ASSETCATALOG_COMPILER_APPICON_NAME = AppIcon;
				DEVELOPMENT_TEAM = "";
				INFOPLIST_FILE = "Func&closure/Info.plist";
				LD_RUNPATH_SEARCH_PATHS = "$(inherited) @executable_path/Frameworks";
				PRODUCT_BUNDLE_IDENTIFIER = "com.difo.Func-closure";
				PRODUCT_NAME = "$(TARGET_NAME)";
				SWIFT_VERSION = 3.0;
			};
			name = Release;
		};
/* End XCBuildConfiguration section */

/* Begin XCConfigurationList section */
		AC917C621F7680DA00757B8D /* Build configuration list for PBXProject "Func&closure" */ = {
			isa = XCConfigurationList;
			buildConfigurations = (
				AC917C771F7680DB00757B8D /* Debug */,
				AC917C781F7680DB00757B8D /* Release */,
			);
			defaultConfigurationIsVisible = 0;
			defaultConfigurationName = Release;
		};
		AC917C791F7680DB00757B8D /* Build configuration list for PBXNativeTarget "Func&closure" */ = {
			isa = XCConfigurationList;
			buildConfigurations = (
				AC917C7A1F7680DB00757B8D /* Debug */,
				AC917C7B1F7680DB00757B8D /* Release */,
			);
			defaultConfigurationIsVisible = 0;
			defaultConfigurationName = Release;
		};
/* End XCConfigurationList section */
	};
	rootObject = AC917C5F1F7680DA00757B8D /* Project object */;
}
